
Microsoft Visual Studio Solution File, Format Version 12.00
Project("{FAE04EC0-301F-11D3-BF4B-00C04F79EFBC}") = "KnowledgeBase.API", "KnowledgeBase.API\KnowledgeBase.API.csproj", "{6A7679C2-0FC8-47F3-96C3-207074517BC9}"
EndProject
Project("{2150E333-8FDC-42A3-9474-1A3956D46DE8}") = "Solution Items", "Solution Items", "{FE5384A5-A550-4F8F-A92B-160D50497E3D}"
	ProjectSection(SolutionItems) = preProject
		compose.yaml = compose.yaml
	EndProjectSection
EndProject
Project("{FAE04EC0-301F-11D3-BF4B-00C04F79EFBC}") = "KnowledgeBase.Core", "KnowledgeBase.Core\KnowledgeBase.Core.csproj", "{054A894B-56A3-4017-A6EC-A54F53371ABD}"
EndProject
Project("{FAE04EC0-301F-11D3-BF4B-00C04F79EFBC}") = "KnowledgeBase.Infrastructure", "KnowledgeBase.Infrastructure\KnowledgeBase.Infrastructure.csproj", "{730C5867-29BF-4529-B8D8-133F184FA75E}"
EndProject
Project("{FAE04EC0-301F-11D3-BF4B-00C04F79EFBC}") = "KnowledgeBase.Tests", "KnowledgeBase.Tests\KnowledgeBase.Tests.csproj", "{C3ADEFFC-3582-4526-BA4B-C04FF2AAFFDB}"
EndProject
Project("{FAE04EC0-301F-11D3-BF4B-00C04F79EFBC}") = "Common", "Common\Common.csproj", "{0E428D4E-5FC2-439A-B214-D27CBBF31C0F}"
EndProject
Global
	GlobalSection(SolutionConfigurationPlatforms) = preSolution
		Debug|Any CPU = Debug|Any CPU
		Release|Any CPU = Release|Any CPU
	EndGlobalSection
	GlobalSection(ProjectConfigurationPlatforms) = postSolution
		{6A7679C2-0FC8-47F3-96C3-207074517BC9}.Debug|Any CPU.ActiveCfg = Debug|Any CPU
		{6A7679C2-0FC8-47F3-96C3-207074517BC9}.Debug|Any CPU.Build.0 = Debug|Any CPU
		{6A7679C2-0FC8-47F3-96C3-207074517BC9}.Release|Any CPU.ActiveCfg = Release|Any CPU
		{6A7679C2-0FC8-47F3-96C3-207074517BC9}.Release|Any CPU.Build.0 = Release|Any CPU
		{054A894B-56A3-4017-A6EC-A54F53371ABD}.Debug|Any CPU.ActiveCfg = Debug|Any CPU
		{054A894B-56A3-4017-A6EC-A54F53371ABD}.Debug|Any CPU.Build.0 = Debug|Any CPU
		{054A894B-56A3-4017-A6EC-A54F53371ABD}.Release|Any CPU.ActiveCfg = Release|Any CPU
		{054A894B-56A3-4017-A6EC-A54F53371ABD}.Release|Any CPU.Build.0 = Release|Any CPU
		{730C5867-29BF-4529-B8D8-133F184FA75E}.Debug|Any CPU.ActiveCfg = Debug|Any CPU
		{730C5867-29BF-4529-B8D8-133F184FA75E}.Debug|Any CPU.Build.0 = Debug|Any CPU
		{730C5867-29BF-4529-B8D8-133F184FA75E}.Release|Any CPU.ActiveCfg = Release|Any CPU
		{730C5867-29BF-4529-B8D8-133F184FA75E}.Release|Any CPU.Build.0 = Release|Any CPU
		{C3ADEFFC-3582-4526-BA4B-C04FF2AAFFDB}.Debug|Any CPU.ActiveCfg = Debug|Any CPU
		{C3ADEFFC-3582-4526-BA4B-C04FF2AAFFDB}.Debug|Any CPU.Build.0 = Debug|Any CPU
		{C3ADEFFC-3582-4526-BA4B-C04FF2AAFFDB}.Release|Any CPU.ActiveCfg = Release|Any CPU
		{C3ADEFFC-3582-4526-BA4B-C04FF2AAFFDB}.Release|Any CPU.Build.0 = Release|Any CPU
		{0E428D4E-5FC2-439A-B214-D27CBBF31C0F}.Debug|Any CPU.ActiveCfg = Debug|Any CPU
		{0E428D4E-5FC2-439A-B214-D27CBBF31C0F}.Debug|Any CPU.Build.0 = Debug|Any CPU
		{0E428D4E-5FC2-439A-B214-D27CBBF31C0F}.Release|Any CPU.ActiveCfg = Release|Any CPU
		{0E428D4E-5FC2-439A-B214-D27CBBF31C0F}.Release|Any CPU.Build.0 = Release|Any CPU
	EndGlobalSection
EndGlobal
